
Microsoft Visual Studio Solution File, Format Version 11.00
# Visual Studio 2010
Project("{FAE04EC0-301F-11D3-BF4B-00C04F79EFBC}") = "Assembly-CSharp", "Assembly-CSharp.csproj", "{CA554F33-822F-C524-C5BF-7737EE07EDF8}"
EndProject
Project("{FAE04EC0-301F-11D3-BF4B-00C04F79EFBC}") = "UMotionSourceApplication", "UMotionSourceApplication.csproj", "{C6344157-9062-CEAC-9400-929D027DF63F}"
EndProject
Project("{FAE04EC0-301F-11D3-BF4B-00C04F79EFBC}") = "Assembly-CSharp-Editor", "Assembly-CSharp-Editor.csproj", "{CDA78D81-5239-451E-C5AF-2A2376E7B12A}"
EndProject
Project("{FAE04EC0-301F-11D3-BF4B-00C04F79EFBC}") = "UMotionSourceEditor", "UMotionSourceEditor.csproj", "{F5D557B3-EA8C-D5CC-A13F-12DD71C932A6}"
EndProject
Global
	GlobalSection(SolutionConfigurationPlatforms) = preSolution
		Debug|Any CPU = Debug|Any CPU
		Release|Any CPU = Release|Any CPU
	EndGlobalSection
	GlobalSection(ProjectConfigurationPlatforms) = postSolution
		{CA554F33-822F-C524-C5BF-7737EE07EDF8}.Debug|Any CPU.ActiveCfg = Debug|Any CPU
		{CA554F33-822F-C524-C5BF-7737EE07EDF8}.Debug|Any CPU.Build.0 = Debug|Any CPU
		{CA554F33-822F-C524-C5BF-7737EE07EDF8}.Release|Any CPU.ActiveCfg = Release|Any CPU
		{CA554F33-822F-C524-C5BF-7737EE07EDF8}.Release|Any CPU.Build.0 = Release|Any CPU
		{C6344157-9062-CEAC-9400-929D027DF63F}.Debug|Any CPU.ActiveCfg = Debug|Any CPU
		{C6344157-9062-CEAC-9400-929D027DF63F}.Debug|Any CPU.Build.0 = Debug|Any CPU
		{C6344157-9062-CEAC-9400-929D027DF63F}.Release|Any CPU.ActiveCfg = Release|Any CPU
		{C6344157-9062-CEAC-9400-929D027DF63F}.Release|Any CPU.Build.0 = Release|Any CPU
		{CDA78D81-5239-451E-C5AF-2A2376E7B12A}.Debug|Any CPU.ActiveCfg = Debug|Any CPU
		{CDA78D81-5239-451E-C5AF-2A2376E7B12A}.Debug|Any CPU.Build.0 = Debug|Any CPU
		{CDA78D81-5239-451E-C5AF-2A2376E7B12A}.Release|Any CPU.ActiveCfg = Release|Any CPU
		{CDA78D81-5239-451E-C5AF-2A2376E7B12A}.Release|Any CPU.Build.0 = Release|Any CPU
		{F5D557B3-EA8C-D5CC-A13F-12DD71C932A6}.Debug|Any CPU.ActiveCfg = Debug|Any CPU
		{F5D557B3-EA8C-D5CC-A13F-12DD71C932A6}.Debug|Any CPU.Build.0 = Debug|Any CPU
		{F5D557B3-EA8C-D5CC-A13F-12DD71C932A6}.Release|Any CPU.ActiveCfg = Release|Any CPU
		{F5D557B3-EA8C-D5CC-A13F-12DD71C932A6}.Release|Any CPU.Build.0 = Release|Any CPU
	EndGlobalSection
	GlobalSection(SolutionProperties) = preSolution
		HideSolutionNode = FALSE
	EndGlobalSection
	GlobalSection(MonoDevelopProperties) = preSolution
		StartupItem = Assembly-CSharp.csproj
	EndGlobalSection
EndGlobal
